// !$*UTF8*$!
{
	archiveVersion = 1;
	classes = {
	};
	objectVersion = 77;
	objects = {

/* Begin PBXContainerItemProxy section */
		F2FEE4AA2CC0FD14000560D4 /* PBXContainerItemProxy */ = {
			isa = PBXContainerItemProxy;
			containerPortal = F2FEE48B2CC0FD13000560D4 /* Project object */;
			proxyType = 1;
			remoteGlobalIDString = F2FEE4922CC0FD13000560D4;
			remoteInfo = xylophone2;
		};
		F2FEE4B42CC0FD14000560D4 /* PBXContainerItemProxy */ = {
			isa = PBXContainerItemProxy;
			containerPortal = F2FEE48B2CC0FD13000560D4 /* Project object */;
			proxyType = 1;
			remoteGlobalIDString = F2FEE4922CC0FD13000560D4;
			remoteInfo = xylophone2;
		};
/* End PBXContainerItemProxy section */

/* Begin PBXFileReference section */
		F2FEE4932CC0FD13000560D4 /* xylophone2.app */ = {isa = PBXFileReference; explicitFileType = wrapper.application; includeInIndex = 0; path = xylophone2.app; sourceTree = BUILT_PRODUCTS_DIR; };
		F2FEE4A92CC0FD14000560D4 /* xylophone2Tests.xctest */ = {isa = PBXFileReference; explicitFileType = wrapper.cfbundle; includeInIndex = 0; path = xylophone2Tests.xctest; sourceTree = BUILT_PRODUCTS_DIR; };
		F2FEE4B32CC0FD14000560D4 /* xylophone2UITests.xctest */ = {isa = PBXFileReference; explicitFileType = wrapper.cfbundle; includeInIndex = 0; path = xylophone2UITests.xctest; sourceTree = BUILT_PRODUCTS_DIR; };
/* End PBXFileReference section */

/* Begin PBXFileSystemSynchronizedBuildFileExceptionSet section */
		F2FEE4BB2CC0FD14000560D4 /* Exceptions for "xylophone2" folder in "xylophone2" target */ = {
			isa = PBXFileSystemSynchronizedBuildFileExceptionSet;
			membershipExceptions = (
				Info.plist,
			);
			target = F2FEE4922CC0FD13000560D4 /* xylophone2 */;
		};
/* End PBXFileSystemSynchronizedBuildFileExceptionSet section */

/* Begin PBXFileSystemSynchronizedRootGroup section */
		F2FEE4952CC0FD13000560D4 /* xylophone2 */ = {
			isa = PBXFileSystemSynchronizedRootGroup;
			exceptions = (
				F2FEE4BB2CC0FD14000560D4 /* Exceptions for "xylophone2" folder in "xylophone2" target */,
			);
			path = xylophone2;
			sourceTree = "<group>";
		};
		F2FEE4AC2CC0FD14000560D4 /* xylophone2Tests */ = {
			isa = PBXFileSystemSynchronizedRootGroup;
			path = xylophone2Tests;
			sourceTree = "<group>";
		};
		F2FEE4B62CC0FD14000560D4 /* xylophone2UITests */ = {
			isa = PBXFileSystemSynchronizedRootGroup;
			path = xylophone2UITests;
			sourceTree = "<group>";
		};
/* End PBXFileSystemSynchronizedRootGroup section */

/* Begin PBXFrameworksBuildPhase section */
		F2FEE4902CC0FD13000560D4 /* Frameworks */ = {
			isa = PBXFrameworksBuildPhase;
			buildActionMask = 2147483647;
			files = (
			);
			runOnlyForDeploymentPostprocessing = 0;
		};
		F2FEE4A62CC0FD14000560D4 /* Frameworks */ = {
			isa = PBXFrameworksBuildPhase;
			buildActionMask = 2147483647;
			files = (
			);
			runOnlyForDeploymentPostprocessing = 0;
		};
		F2FEE4B02CC0FD14000560D4 /* Frameworks */ = {
			isa = PBXFrameworksBuildPhase;
			buildActionMask = 2147483647;
			files = (
			);
			runOnlyForDeploymentPostprocessing = 0;
		};
/* End PBXFrameworksBuildPhase section */

/* Begin PBXGroup section */
		F2FEE48A2CC0FD13000560D4 = {
			isa = PBXGroup;
			children = (
				F2FEE4952CC0FD13000560D4 /* xylophone2 */,
				F2FEE4AC2CC0FD14000560D4 /* xylophone2Tests */,
				F2FEE4B62CC0FD14000560D4 /* xylophone2UITests */,
				F2FEE4942CC0FD13000560D4 /* Products */,
			);
			sourceTree = "<group>";
		};
		F2FEE4942CC0FD13000560D4 /* Products */ = {
			isa = PBXGroup;
			children = (
				F2FEE4932CC0FD13000560D4 /* xylophone2.app */,
				F2FEE4A92CC0FD14000560D4 /* xylophone2Tests.xctest */,
				F2FEE4B32CC0FD14000560D4 /* xylophone2UITests.xctest */,
			);
			name = Products;
			sourceTree = "<group>";
		};
/* End PBXGroup section */

/* Begin PBXNativeTarget section */
		F2FEE4922CC0FD13000560D4 /* xylophone2 */ = {
			isa = PBXNativeTarget;
			buildConfigurationList = F2FEE4BC2CC0FD14000560D4 /* Build configuration list for PBXNativeTarget "xylophone2" */;
			buildPhases = (
				F2FEE48F2CC0FD13000560D4 /* Sources */,
				F2FEE4902CC0FD13000560D4 /* Frameworks */,
				F2FEE4912CC0FD13000560D4 /* Resources */,
			);
			buildRules = (
			);
			dependencies = (
			);
			fileSystemSynchronizedGroups = (
				F2FEE4952CC0FD13000560D4 /* xylophone2 */,
			);
			name = xylophone2;
			packageProductDependencies = (
			);
			productName = xylophone2;
			productReference = F2FEE4932CC0FD13000560D4 /* xylophone2.app */;
			productType = "com.apple.product-type.application";
		};
		F2FEE4A82CC0FD14000560D4 /* xylophone2Tests */ = {
			isa = PBXNativeTarget;
			buildConfigurationList = F2FEE4C12CC0FD14000560D4 /* Build configuration list for PBXNativeTarget "xylophone2Tests" */;
			buildPhases = (
				F2FEE4A52CC0FD14000560D4 /* Sources */,
				F2FEE4A62CC0FD14000560D4 /* Frameworks */,
				F2FEE4A72CC0FD14000560D4 /* Resources */,
			);
			buildRules = (
			);
			dependencies = (
				F2FEE4AB2CC0FD14000560D4 /* PBXTargetDependency */,
			);
			fileSystemSynchronizedGroups = (
				F2FEE4AC2CC0FD14000560D4 /* xylophone2Tests */,
			);
			name = xylophone2Tests;
			packageProductDependencies = (
			);
			productName = xylophone2Tests;
			productReference = F2FEE4A92CC0FD14000560D4 /* xylophone2Tests.xctest */;
			productType = "com.apple.product-type.bundle.unit-test";
		};
		F2FEE4B22CC0FD14000560D4 /* xylophone2UITests */ = {
			isa = PBXNativeTarget;
			buildConfigurationList = F2FEE4C42CC0FD14000560D4 /* Build configuration list for PBXNativeTarget "xylophone2UITests" */;
			buildPhases = (
				F2FEE4AF2CC0FD14000560D4 /* Sources */,
				F2FEE4B02CC0FD14000560D4 /* Frameworks */,
				F2FEE4B12CC0FD14000560D4 /* Resources */,
			);
			buildRules = (
			);
			dependencies = (
				F2FEE4B52CC0FD14000560D4 /* PBXTargetDependency */,
			);
			fileSystemSynchronizedGroups = (
				F2FEE4B62CC0FD14000560D4 /* xylophone2UITests */,
			);
			name = xylophone2UITests;
			packageProductDependencies = (
			);
			productName = xylophone2UITests;
			productReference = F2FEE4B32CC0FD14000560D4 /* xylophone2UITests.xctest */;
			productType = "com.apple.product-type.bundle.ui-testing";
		};
/* End PBXNativeTarget section */

/* Begin PBXProject section */
		F2FEE48B2CC0FD13000560D4 /* Project object */ = {
			isa = PBXProject;
			attributes = {
				BuildIndependentTargetsInParallel = 1;
				LastSwiftUpdateCheck = 1600;
				LastUpgradeCheck = 1600;
				TargetAttributes = {
					F2FEE4922CC0FD13000560D4 = {
						CreatedOnToolsVersion = 16.0;
					};
					F2FEE4A82CC0FD14000560D4 = {
						CreatedOnToolsVersion = 16.0;
						TestTargetID = F2FEE4922CC0FD13000560D4;
					};
					F2FEE4B22CC0FD14000560D4 = {
						CreatedOnToolsVersion = 16.0;
						TestTargetID = F2FEE4922CC0FD13000560D4;
					};
				};
			};
			buildConfigurationList = F2FEE48E2CC0FD13000560D4 /* Build configuration list for PBXProject "xylophone2" */;
			developmentRegion = en;
			hasScannedForEncodings = 0;
			knownRegions = (
				en,
				Base,
			);
			mainGroup = F2FEE48A2CC0FD13000560D4;
			minimizedProjectReferenceProxies = 1;
			preferredProjectObjectVersion = 77;
			productRefGroup = F2FEE4942CC0FD13000560D4 /* Products */;
			projectDirPath = "";
			projectRoot = "";
			targets = (
				F2FEE4922CC0FD13000560D4 /* xylophone2 */,
				F2FEE4A82CC0FD14000560D4 /* xylophone2Tests */,
				F2FEE4B22CC0FD14000560D4 /* xylophone2UITests */,
			);
		};
/* End PBXProject section */

/* Begin PBXResourcesBuildPhase section */
		F2FEE4912CC0FD13000560D4 /* Resources */ = {
			isa = PBXResourcesBuildPhase;
			buildActionMask = 2147483647;
			files = (
			);
			runOnlyForDeploymentPostprocessing = 0;
		};
		F2FEE4A72CC0FD14000560D4 /* Resources */ = {
			isa = PBXResourcesBuildPhase;
			buildActionMask = 2147483647;
			files = (
			);
			runOnlyForDeploymentPostprocessing = 0;
		};
		F2FEE4B12CC0FD14000560D4 /* Resources */ = {
			isa = PBXResourcesBuildPhase;
			buildActionMask = 2147483647;
			files = (
			);
			runOnlyForDeploymentPostprocessing = 0;
		};
/* End PBXResourcesBuildPhase section */

/* Begin PBXSourcesBuildPhase section */
		F2FEE48F2CC0FD13000560D4 /* Sources */ = {
			isa = PBXSourcesBuildPhase;
			buildActionMask = 2147483647;
			files = (
			);
			runOnlyForDeploymentPostprocessing = 0;
		};
		F2FEE4A52CC0FD14000560D4 /* Sources */ = {
			isa = PBXSourcesBuildPhase;
			buildActionMask = 2147483647;
			files = (
			);
			runOnlyForDeploymentPostprocessing = 0;
		};
		F2FEE4AF2CC0FD14000560D4 /* Sources */ = {
			isa = PBXSourcesBuildPhase;
			buildActionMask = 2147483647;
			files = (
			);
			runOnlyForDeploymentPostprocessing = 0;
		};
/* End PBXSourcesBuildPhase section */

/* Begin PBXTargetDependency section */
		F2FEE4AB2CC0FD14000560D4 /* PBXTargetDependency */ = {
			isa = PBXTargetDependency;
			target = F2FEE4922CC0FD13000560D4 /* xylophone2 */;
			targetProxy = F2FEE4AA2CC0FD14000560D4 /* PBXContainerItemProxy */;
		};
		F2FEE4B52CC0FD14000560D4 /* PBXTargetDependency */ = {
			isa = PBXTargetDependency;
			target = F2FEE4922CC0FD13000560D4 /* xylophone2 */;
			targetProxy = F2FEE4B42CC0FD14000560D4 /* PBXContainerItemProxy */;
		};
/* End PBXTargetDependency section */

/* Begin XCBuildConfiguration section */
		F2FEE4BD2CC0FD14000560D4 /* Debug */ = {
			isa = XCBuildConfiguration;
			buildSettings = {
				ASSETCATALOG_COMPILER_APPICON_NAME = AppIcon;
				ASSETCATALOG_COMPILER_GLOBAL_ACCENT_COLOR_NAME = AccentColor;
				CODE_SIGN_STYLE = Automatic;
				CURRENT_PROJECT_VERSION = 1;
				DEVELOPMENT_TEAM = CUSRB2J8W9;
				GENERATE_INFOPLIST_FILE = YES;
				INFOPLIST_FILE = xylophone2/Info.plist;
				INFOPLIST_KEY_UIApplicationSupportsIndirectInputEvents = YES;
				INFOPLIST_KEY_UILaunchStoryboardName = LaunchScreen;
				INFOPLIST_KEY_UIMainStoryboardFile = Main;
				INFOPLIST_KEY_UISupportedInterfaceOrientations_iPad = "UIInterfaceOrientationPortrait UIInterfaceOrientationPortraitUpsideDown UIInterfaceOrientationLandscapeLeft UIInterfaceOrientationLandscapeRight";
				INFOPLIST_KEY_UISupportedInterfaceOrientations_iPhone = "UIInterfaceOrientationPortrait UIInterfaceOrientationLandscapeLeft UIInterfaceOrientationLandscapeRight";
				LD_RUNPATH_SEARCH_PATHS = (
					"$(inherited)",
					"@executable_path/Frameworks",
				);
				MARKETING_VERSION = 1.0;
				PRODUCT_BUNDLE_IDENTIFIER = com.bayanbayevasm.xylophone2;
				PRODUCT_NAME = "$(TARGET_NAME)";
				SWIFT_EMIT_LOC_STRINGS = YES;
				SWIFT_VERSION = 5.0;
				TARGETED_DEVICE_FAMILY = "1,2";
			};
			name = Debug;
		};
		F2FEE4BE2CC0FD14000560D4 /* Release */ = {
			isa = XCBuildConfiguration;
			buildSettings = {
				ASSETCATALOG_COMPILER_APPICON_NAME = AppIcon;
				ASSETCATALOG_COMPILER_GLOBAL_ACCENT_COLOR_NAME = AccentColor;
				CODE_SIGN_STYLE = Automatic;
				CURRENT_PROJECT_VERSION = 1;
				DEVELOPMENT_TEAM = CUSRB2J8W9;
				GENERATE_INFOPLIST_FILE = YES;
				INFOPLIST_FILE = xylophone2/Info.plist;
				INFOPLIST_KEY_UIApplicationSupportsIndirectInputEvents = YES;
				INFOPLIST_KEY_UILaunchStoryboardName = LaunchScreen;
				INFOPLIST_KEY_UIMainStoryboardFile = Main;
				INFOPLIST_KEY_UISupportedInterfaceOrientations_iPad = "UIInterfaceOrientationPortrait UIInterfaceOrientationPortraitUpsideDown UIInterfaceOrientationLandscapeLeft UIInterfaceOrientationLandscapeRight";
				INFOPLIST_KEY_UISupportedInterfaceOrientations_iPhone = "UIInterfaceOrientationPortrait UIInterfaceOrientationLandscapeLeft UIInterfaceOrientationLandscapeRight";
				LD_RUNPATH_SEARCH_PATHS = (
					"$(inherited)",
					"@executable_path/Frameworks",
				);
				MARKETING_VERSION = 1.0;
				PRODUCT_BUNDLE_IDENTIFIER = com.bayanbayevasm.xylophone2;
				PRODUCT_NAME = "$(TARGET_NAME)";
				SWIFT_EMIT_LOC_STRINGS = YES;
				SWIFT_VERSION = 5.0;
				TARGETED_DEVICE_FAMILY = "1,2";
			};
			name = Release;
		};
		F2FEE4BF2CC0FD14000560D4 /* Debug */ = {
			isa = XCBuildConfiguration;
			buildSettings = {
				ALWAYS_SEARCH_USER_PATHS = NO;
				ASSETCATALOG_COMPILER_GENERATE_SWIFT_ASSET_SYMBOL_EXTENSIONS = YES;
				CLANG_ANALYZER_NONNULL = YES;
				CLANG_ANALYZER_NUMBER_OBJECT_CONVERSION = YES_AGGRESSIVE;
				CLANG_CXX_LANGUAGE_STANDARD = "gnu++20";
				CLANG_ENABLE_MODULES = YES;
				CLANG_ENABLE_OBJC_ARC = YES;
				CLANG_ENABLE_OBJC_WEAK = YES;
				CLANG_WARN_BLOCK_CAPTURE_AUTORELEASING = YES;
				CLANG_WARN_BOOL_CONVERSION = YES;
				CLANG_WARN_COMMA = YES;
				CLANG_WARN_CONSTANT_CONVERSION = YES;
				CLANG_WARN_DEPRECATED_OBJC_IMPLEMENTATIONS = YES;
				CLANG_WARN_DIRECT_OBJC_ISA_USAGE = YES_ERROR;
				CLANG_WARN_DOCUMENTATION_COMMENTS = YES;
				CLANG_WARN_EMPTY_BODY = YES;
				CLANG_WARN_ENUM_CONVERSION = YES;
				CLANG_WARN_INFINITE_RECURSION = YES;
				CLANG_WARN_INT_CONVERSION = YES;
				CLANG_WARN_NON_LITERAL_NULL_CONVERSION = YES;
				CLANG_WARN_OBJC_IMPLICIT_RETAIN_SELF = YES;
				CLANG_WARN_OBJC_LITERAL_CONVERSION = YES;
				CLANG_WARN_OBJC_ROOT_CLASS = YES_ERROR;
				CLANG_WARN_QUOTED_INCLUDE_IN_FRAMEWORK_HEADER = YES;
				CLANG_WARN_RANGE_LOOP_ANALYSIS = YES;
				CLANG_WARN_STRICT_PROTOTYPES = YES;
				CLANG_WARN_SUSPICIOUS_MOVE = YES;
				CLANG_WARN_UNGUARDED_AVAILABILITY = YES_AGGRESSIVE;
				CLANG_WARN_UNREACHABLE_CODE = YES;
				CLANG_WARN__DUPLICATE_METHOD_MATCH = YES;
				COPY_PHASE_STRIP = NO;
				DEBUG_INFORMATION_FORMAT = dwarf;
				ENABLE_STRICT_OBJC_MSGSEND = YES;
				ENABLE_TESTABILITY = YES;
				ENABLE_USER_SCRIPT_SANDBOXING = YES;
				GCC_C_LANGUAGE_STANDARD = gnu17;
				GCC_DYNAMIC_NO_PIC = NO;
				GCC_NO_COMMON_BLOCKS = YES;
				GCC_OPTIMIZATION_LEVEL = 0;
				GCC_PREPROCESSOR_DEFINITIONS = (
					"DEBUG=1",
					"$(inherited)",
				);
				GCC_WARN_64_TO_32_BIT_CONVERSION = YES;
				GCC_WARN_ABOUT_RETURN_TYPE = YES_ERROR;
				GCC_WARN_UNDECLARED_SELECTOR = YES;
				GCC_WARN_UNINITIALIZED_AUTOS = YES_AGGRESSIVE;
				GCC_WARN_UNUSED_FUNCTION = YES;
				GCC_WARN_UNUSED_VARIABLE = YES;
				IPHONEOS_DEPLOYMENT_TARGET = 18.0;
				LOCALIZATION_PREFERS_STRING_CATALOGS = YES;
				MTL_ENABLE_DEBUG_INFO = INCLUDE_SOURCE;
				MTL_FAST_MATH = YES;
				ONLY_ACTIVE_ARCH = YES;
				SDKROOT = iphoneos;
				SWIFT_ACTIVE_COMPILATION_CONDITIONS = "DEBUG $(inherited)";
				SWIFT_OPTIMIZATION_LEVEL = "-Onone";
			};
			name = Debug;
		};
		F2FEE4C02CC0FD14000560D4 /* Release */ = {
			isa = XCBuildConfiguration;
			buildSettings = {
				ALWAYS_SEARCH_USER_PATHS = NO;
				ASSETCATALOG_COMPILER_GENERATE_SWIFT_ASSET_SYMBOL_EXTENSIONS = YES;
				CLANG_ANALYZER_NONNULL = YES;
				CLANG_ANALYZER_NUMBER_OBJECT_CONVERSION = YES_AGGRESSIVE;
				CLANG_CXX_LANGUAGE_STANDARD = "gnu++20";
				CLANG_ENABLE_MODULES = YES;
				CLANG_ENABLE_OBJC_ARC = YES;
				CLANG_ENABLE_OBJC_WEAK = YES;
				CLANG_WARN_BLOCK_CAPTURE_AUTORELEASING = YES;
				CLANG_WARN_BOOL_CONVERSION = YES;
				CLANG_WARN_COMMA = YES;
				CLANG_WARN_CONSTANT_CONVERSION = YES;
				CLANG_WARN_DEPRECATED_OBJC_IMPLEMENTATIONS = YES;
				CLANG_WARN_DIRECT_OBJC_ISA_USAGE = YES_ERROR;
				CLANG_WARN_DOCUMENTATION_COMMENTS = YES;
				CLANG_WARN_EMPTY_BODY = YES;
				CLANG_WARN_ENUM_CONVERSION = YES;
				CLANG_WARN_INFINITE_RECURSION = YES;
				CLANG_WARN_INT_CONVERSION = YES;
				CLANG_WARN_NON_LITERAL_NULL_CONVERSION = YES;
				CLANG_WARN_OBJC_IMPLICIT_RETAIN_SELF = YES;
				CLANG_WARN_OBJC_LITERAL_CONVERSION = YES;
				CLANG_WARN_OBJC_ROOT_CLASS = YES_ERROR;
				CLANG_WARN_QUOTED_INCLUDE_IN_FRAMEWORK_HEADER = YES;
				CLANG_WARN_RANGE_LOOP_ANALYSIS = YES;
				CLANG_WARN_STRICT_PROTOTYPES = YES;
				CLANG_WARN_SUSPICIOUS_MOVE = YES;
				CLANG_WARN_UNGUARDED_AVAILABILITY = YES_AGGRESSIVE;
				CLANG_WARN_UNREACHABLE_CODE = YES;
				CLANG_WARN__DUPLICATE_METHOD_MATCH = YES;
				COPY_PHASE_STRIP = NO;
				DEBUG_INFORMATION_FORMAT = "dwarf-with-dsym";
				ENABLE_NS_ASSERTIONS = NO;
				ENABLE_STRICT_OBJC_MSGSEND = YES;
				ENABLE_USER_SCRIPT_SANDBOXING = YES;
				GCC_C_LANGUAGE_STANDARD = gnu17;
				GCC_NO_COMMON_BLOCKS = YES;
				GCC_WARN_64_TO_32_BIT_CONVERSION = YES;
				GCC_WARN_ABOUT_RETURN_TYPE = YES_ERROR;
				GCC_WARN_UNDECLARED_SELECTOR = YES;
				GCC_WARN_UNINITIALIZED_AUTOS = YES_AGGRESSIVE;
				GCC_WARN_UNUSED_FUNCTION = YES;
				GCC_WARN_UNUSED_VARIABLE = YES;
				IPHONEOS_DEPLOYMENT_TARGET = 18.0;
				LOCALIZATION_PREFERS_STRING_CATALOGS = YES;
				MTL_ENABLE_DEBUG_INFO = NO;
				MTL_FAST_MATH = YES;
				SDKROOT = iphoneos;
				SWIFT_COMPILATION_MODE = wholemodule;
				VALIDATE_PRODUCT = YES;
			};
			name = Release;
		};
		F2FEE4C22CC0FD14000560D4 /* Debug */ = {
			isa = XCBuildConfiguration;
			buildSettings = {
				BUNDLE_LOADER = "$(TEST_HOST)";
				CODE_SIGN_STYLE = Automatic;
				CURRENT_PROJECT_VERSION = 1;
				DEVELOPMENT_TEAM = CUSRB2J8W9;
				GENERATE_INFOPLIST_FILE = YES;
				IPHONEOS_DEPLOYMENT_TARGET = 18.0;
				MARKETING_VERSION = 1.0;
				PRODUCT_BUNDLE_IDENTIFIER = com.bayanbayevasm.xylophone2Tests;
				PRODUCT_NAME = "$(TARGET_NAME)";
				SWIFT_EMIT_LOC_STRINGS = NO;
				SWIFT_VERSION = 5.0;
				TARGETED_DEVICE_FAMILY = "1,2";
				TEST_HOST = "$(BUILT_PRODUCTS_DIR)/xylophone2.app/$(BUNDLE_EXECUTABLE_FOLDER_PATH)/xylophone2";
			};
			name = Debug;
		};
		F2FEE4C32CC0FD14000560D4 /* Release */ = {
			isa = XCBuildConfiguration;
			buildSettings = {
				BUNDLE_LOADER = "$(TEST_HOST)";
				CODE_SIGN_STYLE = Automatic;
				CURRENT_PROJECT_VERSION = 1;
				DEVELOPMENT_TEAM = CUSRB2J8W9;
				GENERATE_INFOPLIST_FILE = YES;
				IPHONEOS_DEPLOYMENT_TARGET = 18.0;
				MARKETING_VERSION = 1.0;
				PRODUCT_BUNDLE_IDENTIFIER = com.bayanbayevasm.xylophone2Tests;
				PRODUCT_NAME = "$(TARGET_NAME)";
				SWIFT_EMIT_LOC_STRINGS = NO;
				SWIFT_VERSION = 5.0;
				TARGETED_DEVICE_FAMILY = "1,2";
				TEST_HOST = "$(BUILT_PRODUCTS_DIR)/xylophone2.app/$(BUNDLE_EXECUTABLE_FOLDER_PATH)/xylophone2";
			};
			name = Release;
		};
		F2FEE4C52CC0FD14000560D4 /* Debug */ = {
			isa = XCBuildConfiguration;
			buildSettings = {
				CODE_SIGN_STYLE = Automatic;
				CURRENT_PROJECT_VERSION = 1;
				DEVELOPMENT_TEAM = CUSRB2J8W9;
				GENERATE_INFOPLIST_FILE = YES;
				MARKETING_VERSION = 1.0;
				PRODUCT_BUNDLE_IDENTIFIER = com.bayanbayevasm.xylophone2UITests;
				PRODUCT_NAME = "$(TARGET_NAME)";
				SWIFT_EMIT_LOC_STRINGS = NO;
				SWIFT_VERSION = 5.0;
				TARGETED_DEVICE_FAMILY = "1,2";
				TEST_TARGET_NAME = xylophone2;
			};
			name = Debug;
		};
		F2FEE4C62CC0FD14000560D4 /* Release */ = {
			isa = XCBuildConfiguration;
			buildSettings = {
				CODE_SIGN_STYLE = Automatic;
				CURRENT_PROJECT_VERSION = 1;
				DEVELOPMENT_TEAM = CUSRB2J8W9;
				GENERATE_INFOPLIST_FILE = YES;
				MARKETING_VERSION = 1.0;
				PRODUCT_BUNDLE_IDENTIFIER = com.bayanbayevasm.xylophone2UITests;
				PRODUCT_NAME = "$(TARGET_NAME)";
				SWIFT_EMIT_LOC_STRINGS = NO;
				SWIFT_VERSION = 5.0;
				TARGETED_DEVICE_FAMILY = "1,2";
				TEST_TARGET_NAME = xylophone2;
			};
			name = Release;
		};
/* End XCBuildConfiguration section */

/* Begin XCConfigurationList section */
		F2FEE48E2CC0FD13000560D4 /* Build configuration list for PBXProject "xylophone2" */ = {
			isa = XCConfigurationList;
			buildConfigurations = (
				F2FEE4BF2CC0FD14000560D4 /* Debug */,
				F2FEE4C02CC0FD14000560D4 /* Release */,
			);
			defaultConfigurationIsVisible = 0;
			defaultConfigurationName = Release;
		};
		F2FEE4BC2CC0FD14000560D4 /* Build configuration list for PBXNativeTarget "xylophone2" */ = {
			isa = XCConfigurationList;
			buildConfigurations = (
				F2FEE4BD2CC0FD14000560D4 /* Debug */,
				F2FEE4BE2CC0FD14000560D4 /* Release */,
			);
			defaultConfigurationIsVisible = 0;
			defaultConfigurationName = Release;
		};
		F2FEE4C12CC0FD14000560D4 /* Build configuration list for PBXNativeTarget "xylophone2Tests" */ = {
			isa = XCConfigurationList;
			buildConfigurations = (
				F2FEE4C22CC0FD14000560D4 /* Debug */,
				F2FEE4C32CC0FD14000560D4 /* Release */,
			);
			defaultConfigurationIsVisible = 0;
			defaultConfigurationName = Release;
		};
		F2FEE4C42CC0FD14000560D4 /* Build configuration list for PBXNativeTarget "xylophone2UITests" */ = {
			isa = XCConfigurationList;
			buildConfigurations = (
				F2FEE4C52CC0FD14000560D4 /* Debug */,
				F2FEE4C62CC0FD14000560D4 /* Release */,
			);
			defaultConfigurationIsVisible = 0;
			defaultConfigurationName = Release;
		};
/* End XCConfigurationList section */
	};
	rootObject = F2FEE48B2CC0FD13000560D4 /* Project object */;
}
